%{"distillery": {:hex, :distillery, "1.4.0", "d633cd322c8efa0428082b00b7f902daf8caa166d45f9022bbc19a896d2e1e56", [:mix], [], "hexpm"},
  "nerves": {:hex, :nerves, "0.6.0", "f3f505ad436a3e2066e53119100e0ed10bfcbe8ee3fe6a8fb20dd58930413f61", [:mix], [{:distillery, "~> 1.2", [hex: :distillery, repo: "hexpm", optional: false]}], "hexpm"},
  "nerves_system_br": {:hex, :nerves_system_br, "0.10.1", "c3a40fcca99a46e485aec22f3a55d09dbc97dbe7902874ce794778625a336730", [:mix], [], "hexpm"},
  "nerves_toolchain_arm_unknown_linux_gnueabihf": {:hex, :nerves_toolchain_arm_unknown_linux_gnueabihf, "0.10.0", "18200c6cc3fcda1cbe263b7f7d50ff05db495b881ade9436cd1667b3e8e62429", [:mix], [{:nerves, "~> 0.4", [hex: :nerves, repo: "hexpm", optional: false]}, {:nerves_toolchain_ctng, "~> 0.9", [hex: :nerves_toolchain_ctng, repo: "hexpm", optional: false]}], "hexpm"},
  "nerves_toolchain_ctng": {:hex, :nerves_toolchain_ctng, "0.9.0", "825b2b5bbacc3ad20c8513baafd44978616d5b451e6e052cdb727be81e7cdcac", [:mix], [], "hexpm"}}
